{
  "name": "nswag-api-demo",
  "version": "1.0.0",
  "lockfileVersion": 1,
  "requires": true,
  "dependencies": {
    "nswag": {
      "version": "13.10.5",
      "resolved": "https://registry.npmjs.org/nswag/-/nswag-13.10.5.tgz",
      "integrity": "sha512-eypAzbn05N4x9nWQcg50CR6oV3vMrduTXZm3EClAsox2EsTeoRhl9g1H/E+rpoeKsLpoupfhsyiSMfd3512Bpw==",
      "dev": true
    }
  }
}
