
Microsoft Visual Studio Solution File, Format Version 12.00
# Visual Studio Version 16
VisualStudioVersion = 16.0.29318.209
MinimumVisualStudioVersion = 15.0.26124.0
Project("{2150E333-8FDC-42A3-9474-1A3956D46DE8}") = "src", "src", "{9C36E148-4CB9-457B-9E46-A1451E999535}"
EndProject
Project("{9A19103F-16F7-4668-BE54-9A1E7A4F7556}") = "WeatherForecastApi", "src\WeatherForecastApi\WeatherForecastApi.csproj", "{15B89DF1-75F5-42BE-962E-7861BB1534C1}"
EndProject
Project("{9A19103F-16F7-4668-BE54-9A1E7A4F7556}") = "WeatherForecastApi.Client", "src\WeatherForecastApi.Client\WeatherForecastApi.Client.csproj", "{7DAD093F-0027-4E51-BC90-56412D92D606}"
EndProject
Global
	GlobalSection(SolutionConfigurationPlatforms) = preSolution
		Debug|Any CPU = Debug|Any CPU
		Release|Any CPU = Release|Any CPU
	EndGlobalSection
	GlobalSection(ProjectConfigurationPlatforms) = postSolution
		{15B89DF1-75F5-42BE-962E-7861BB1534C1}.Debug|Any CPU.ActiveCfg = Debug|Any CPU
		{15B89DF1-75F5-42BE-962E-7861BB1534C1}.Debug|Any CPU.Build.0 = Debug|Any CPU
		{15B89DF1-75F5-42BE-962E-7861BB1534C1}.Release|Any CPU.ActiveCfg = Release|Any CPU
		{15B89DF1-75F5-42BE-962E-7861BB1534C1}.Release|Any CPU.Build.0 = Release|Any CPU
		{7DAD093F-0027-4E51-BC90-56412D92D606}.Debug|Any CPU.ActiveCfg = Debug|Any CPU
		{7DAD093F-0027-4E51-BC90-56412D92D606}.Debug|Any CPU.Build.0 = Debug|Any CPU
		{7DAD093F-0027-4E51-BC90-56412D92D606}.Release|Any CPU.ActiveCfg = Release|Any CPU
		{7DAD093F-0027-4E51-BC90-56412D92D606}.Release|Any CPU.Build.0 = Release|Any CPU
	EndGlobalSection
	GlobalSection(SolutionProperties) = preSolution
		HideSolutionNode = FALSE
	EndGlobalSection
	GlobalSection(NestedProjects) = preSolution
		{15B89DF1-75F5-42BE-962E-7861BB1534C1} = {9C36E148-4CB9-457B-9E46-A1451E999535}
		{7DAD093F-0027-4E51-BC90-56412D92D606} = {9C36E148-4CB9-457B-9E46-A1451E999535}
	EndGlobalSection
	GlobalSection(ExtensibilityGlobals) = postSolution
		SolutionGuid = {0E18F5EA-BE99-425E-82C2-22E48E2298FE}
	EndGlobalSection
EndGlobal
